%{"bunt": {:hex, :bunt, "0.1.6", "5d95a6882f73f3b9969fdfd1953798046664e6f77ec4e486e6fafc7caad97c6f", [:mix], []},
  "calendar": {:hex, :calendar, "0.17.2", "d6b7bccc29c72203b076d4e488d967780bf2d123a96fafdbf45746fdc2fa342c", [:mix], [{:tzdata, "~> 0.5.8 or ~> 0.1.201603", [hex: :tzdata, optional: false]}]},
  "certifi": {:hex, :certifi, "1.2.1", "c3904f192bd5284e5b13f20db3ceac9626e14eeacfbb492e19583cf0e37b22be", [:rebar3], [], "hexpm"},
  "combine": {:hex, :combine, "0.10.0", "eff8224eeb56498a2af13011d142c5e7997a80c8f5b97c499f84c841032e429f", [:mix], [], "hexpm"},
  "connection": {:hex, :connection, "1.0.4", "a1cae72211f0eef17705aaededacac3eb30e6625b04a6117c1b2db6ace7d5976", [:mix], []},
  "crontab": {:hex, :crontab, "1.1.1", "aed5d595a654d87e26cb43b4f95a02ef9771da96db3b24dcf7ab288c8a1e007a", [:mix], [{:ecto, "~> 1.0 or ~> 2.0 or ~> 2.1", [hex: :ecto, repo: "hexpm", optional: true]}], "hexpm"},
  "distillery": {:hex, :distillery, "1.3.5", "d13d3a5282c8e7b2128383e9b4491dac39dc9ab37b43fc000f10e687057cfacd", [:mix], []},
  "floki": {:hex, :floki, "0.17.0", "ee23700dac178f601ae8cd05f8d8890a3dfd131fba8972dd3676bcedcb14a18d", [:mix], [{:mochiweb, "~> 2.15", [hex: :mochiweb, optional: false]}]},
  "gen_stage": {:hex, :gen_stage, "0.12.2", "e0e347cbb1ceb5f4e68a526aec4d64b54ad721f0a8b30aa9d28e0ad749419cbb", [], [], "hexpm"},
  "gettext": {:hex, :gettext, "0.13.1", "5e0daf4e7636d771c4c71ad5f3f53ba09a9ae5c250e1ab9c42ba9edccc476263", [:mix], []},
  "hackney": {:hex, :hackney, "1.8.6", "21a725db3569b3fb11a6af17d5c5f654052ce9624219f1317e8639183de4a423", [:rebar3], [{:certifi, "1.2.1", [hex: :certifi, repo: "hexpm", optional: false]}, {:idna, "5.0.2", [hex: :idna, repo: "hexpm", optional: false]}, {:metrics, "1.0.1", [hex: :metrics, repo: "hexpm", optional: false]}, {:mimerl, "1.0.2", [hex: :mimerl, repo: "hexpm", optional: false]}, {:ssl_verify_fun, "1.1.1", [hex: :ssl_verify_fun, repo: "hexpm", optional: false]}], "hexpm"},
  "httpoison": {:hex, :httpoison, "0.11.2", "9e59f17a473ef6948f63c51db07320477bad8ba88cf1df60a3eee01150306665", [:mix], [{:hackney, "~> 1.8.0", [hex: :hackney, optional: false]}]},
  "idna": {:hex, :idna, "5.0.2", "ac203208ada855d95dc591a764b6e87259cb0e2a364218f215ad662daa8cd6b4", [:rebar3], [{:unicode_util_compat, "0.2.0", [hex: :unicode_util_compat, repo: "hexpm", optional: false]}], "hexpm"},
  "maxwell": {:hex, :maxwell, "2.1.0", "d87621db466c23e0e0be8295535fc0fa955b1cdfeddf496d22fc448a835010b9", [:mix], [{:hackney, "~> 1.6", [repo: "hexpm", hex: :hackney, optional: true]}, {:ibrowse, "~> 4.2", [repo: "hexpm", hex: :ibrowse, optional: true]}, {:mimerl, "~> 1.0.2", [repo: "hexpm", hex: :mimerl, optional: false]}, {:poison, "~> 2.1", [repo: "hexpm", hex: :poison, optional: true]}], "hexpm"},
  "metrics": {:hex, :metrics, "1.0.1", "25f094dea2cda98213cecc3aeff09e940299d950904393b2a29d191c346a8486", [:rebar3], []},
  "mimerl": {:hex, :mimerl, "1.0.2", "993f9b0e084083405ed8252b99460c4f0563e41729ab42d9074fd5e52439be88", [:rebar3], []},
  "mochiweb": {:hex, :mochiweb, "2.15.0", "e1daac474df07651e5d17cc1e642c4069c7850dc4508d3db7263a0651330aacc", [:rebar3], []},
  "poison": {:hex, :poison, "2.2.0", "4763b69a8a77bd77d26f477d196428b741261a761257ff1cf92753a0d4d24a63", [:mix], []},
  "quantum": {:hex, :quantum, "2.1.0-beta.1", "9b8ff1d1d016a5bb97dea4b42fee49e252846b49dea1617df75d0d9fd25ad42e", [:mix], [{:calendar, "~> 0.17", [hex: :calendar, repo: "hexpm", optional: true]}, {:crontab, "~> 1.1", [hex: :crontab, repo: "hexpm", optional: false]}, {:gen_stage, "~> 0.12.2", [hex: :gen_stage, repo: "hexpm", optional: false]}, {:timex, "~> 3.1.13", [hex: :timex, repo: "hexpm", optional: true]}], "hexpm"},
  "redix": {:hex, :redix, "0.6.0", "b0ee9b66cd15b5fe72deeaba285e90b65dbf069b7be67f610d32d4304226b1b2", [:mix], [{:connection, "~> 1.0", [hex: :connection, optional: false]}]},
  "refraner": {:git, "https://github.com/Ironjanowar/Refraner.git", "67622f1be1fb42f792d12459db458c4f3f8151ec", []},
  "ssl_verify_fun": {:hex, :ssl_verify_fun, "1.1.1", "28a4d65b7f59893bc2c7de786dec1e1555bd742d336043fe644ae956c3497fbe", [:make, :rebar], []},
  "telex": {:git, "https://github.com/rockneurotiko/telex.git", "6a13c99f7f26d69407684818e4e5af98baa38bb9", [tag: "0.1.7"]},
  "timex": {:hex, :timex, "3.1.24", "d198ae9783ac807721cca0c5535384ebdf99da4976be8cefb9665a9262a1e9e3", [:mix], [{:combine, "~> 0.7", [hex: :combine, repo: "hexpm", optional: false]}, {:gettext, "~> 0.10", [hex: :gettext, repo: "hexpm", optional: false]}, {:tzdata, "~> 0.1.8 or ~> 0.5", [hex: :tzdata, repo: "hexpm", optional: false]}], "hexpm"},
  "tzdata": {:hex, :tzdata, "0.5.12", "1c17b68692c6ba5b6ab15db3d64cc8baa0f182043d5ae9d4b6d35d70af76f67b", [:mix], [{:hackney, "~> 1.0", [hex: :hackney, optional: false]}]},
  "unicode_util_compat": {:hex, :unicode_util_compat, "0.2.0", "dbbccf6781821b1c0701845eaf966c9b6d83d7c3bfc65ca2b78b88b8678bfa35", [:rebar3], [], "hexpm"}}
